
Microsoft Visual Studio Solution File, Format Version 12.00
# Visual Studio 14
VisualStudioVersion = 14.0.25420.1
MinimumVisualStudioVersion = 10.0.40219.1
Project("{FAE04EC0-301F-11D3-BF4B-00C04F79EFBC}") = "HomeCinema.Entities", "HomeCinema.Entities\HomeCinema.Entities.csproj", "{FAE43ED2-4417-43A8-B99F-33D00EF05349}"
EndProject
Project("{FAE04EC0-301F-11D3-BF4B-00C04F79EFBC}") = "HomeCinema.Data", "HomeCinema.Data\HomeCinema.Data.csproj", "{C0020527-F749-4C01-9B1D-2D86631837C8}"
EndProject
Project("{FAE04EC0-301F-11D3-BF4B-00C04F79EFBC}") = "HomeCinema.Services", "HomeCinema.Services\HomeCinema.Services.csproj", "{D3402783-92AD-4CCB-A4E3-7259821C466F}"
EndProject
Project("{FAE04EC0-301F-11D3-BF4B-00C04F79EFBC}") = "HomeCinema.Web", "HomeCinema.Web\HomeCinema.Web.csproj", "{266C7B55-2DE0-4CFF-967C-770E4ABA9BDA}"
EndProject
Global
	GlobalSection(SolutionConfigurationPlatforms) = preSolution
		Debug|Any CPU = Debug|Any CPU
		Release|Any CPU = Release|Any CPU
	EndGlobalSection
	GlobalSection(ProjectConfigurationPlatforms) = postSolution
		{FAE43ED2-4417-43A8-B99F-33D00EF05349}.Debug|Any CPU.ActiveCfg = Debug|Any CPU
		{FAE43ED2-4417-43A8-B99F-33D00EF05349}.Debug|Any CPU.Build.0 = Debug|Any CPU
		{FAE43ED2-4417-43A8-B99F-33D00EF05349}.Release|Any CPU.ActiveCfg = Release|Any CPU
		{FAE43ED2-4417-43A8-B99F-33D00EF05349}.Release|Any CPU.Build.0 = Release|Any CPU
		{C0020527-F749-4C01-9B1D-2D86631837C8}.Debug|Any CPU.ActiveCfg = Debug|Any CPU
		{C0020527-F749-4C01-9B1D-2D86631837C8}.Debug|Any CPU.Build.0 = Debug|Any CPU
		{C0020527-F749-4C01-9B1D-2D86631837C8}.Release|Any CPU.ActiveCfg = Release|Any CPU
		{C0020527-F749-4C01-9B1D-2D86631837C8}.Release|Any CPU.Build.0 = Release|Any CPU
		{D3402783-92AD-4CCB-A4E3-7259821C466F}.Debug|Any CPU.ActiveCfg = Debug|Any CPU
		{D3402783-92AD-4CCB-A4E3-7259821C466F}.Debug|Any CPU.Build.0 = Debug|Any CPU
		{D3402783-92AD-4CCB-A4E3-7259821C466F}.Release|Any CPU.ActiveCfg = Release|Any CPU
		{D3402783-92AD-4CCB-A4E3-7259821C466F}.Release|Any CPU.Build.0 = Release|Any CPU
		{266C7B55-2DE0-4CFF-967C-770E4ABA9BDA}.Debug|Any CPU.ActiveCfg = Debug|Any CPU
		{266C7B55-2DE0-4CFF-967C-770E4ABA9BDA}.Debug|Any CPU.Build.0 = Debug|Any CPU
		{266C7B55-2DE0-4CFF-967C-770E4ABA9BDA}.Release|Any CPU.ActiveCfg = Release|Any CPU
		{266C7B55-2DE0-4CFF-967C-770E4ABA9BDA}.Release|Any CPU.Build.0 = Release|Any CPU
	EndGlobalSection
	GlobalSection(SolutionProperties) = preSolution
		HideSolutionNode = FALSE
	EndGlobalSection
EndGlobal
